
Microsoft Visual Studio Solution File, Format Version 12.00
# Visual Studio Version 17
VisualStudioVersion = 17.4.33213.308
MinimumVisualStudioVersion = 10.0.40219.1
Project("{FAE04EC0-301F-11D3-BF4B-00C04F79EFBC}") = "CapaPresentacion", "CapaPresentacion\CapaPresentacion.csproj", "{5E5567D9-8286-433E-BD5C-D46B66F97F05}"
EndProject
Project("{FAE04EC0-301F-11D3-BF4B-00C04F79EFBC}") = "CapaEntidad", "CapaEntidad\CapaEntidad.csproj", "{6437840E-AAAB-4C28-B3FE-7BBFFDDBA0E1}"
EndProject
Project("{FAE04EC0-301F-11D3-BF4B-00C04F79EFBC}") = "CapaDatos", "CapaDatos\CapaDatos.csproj", "{7AA78AE1-2748-4E17-8ACE-1FDE4B56F27E}"
EndProject
Project("{FAE04EC0-301F-11D3-BF4B-00C04F79EFBC}") = "CapaNegocio", "CapaNegocio\CapaNegocio.csproj", "{C2347627-907C-4BBA-81F1-360136075795}"
EndProject
Global
	GlobalSection(SolutionConfigurationPlatforms) = preSolution
		Debug|Any CPU = Debug|Any CPU
		Release|Any CPU = Release|Any CPU
	EndGlobalSection
	GlobalSection(ProjectConfigurationPlatforms) = postSolution
		{5E5567D9-8286-433E-BD5C-D46B66F97F05}.Debug|Any CPU.ActiveCfg = Debug|Any CPU
		{5E5567D9-8286-433E-BD5C-D46B66F97F05}.Debug|Any CPU.Build.0 = Debug|Any CPU
		{5E5567D9-8286-433E-BD5C-D46B66F97F05}.Release|Any CPU.ActiveCfg = Release|Any CPU
		{5E5567D9-8286-433E-BD5C-D46B66F97F05}.Release|Any CPU.Build.0 = Release|Any CPU
		{6437840E-AAAB-4C28-B3FE-7BBFFDDBA0E1}.Debug|Any CPU.ActiveCfg = Debug|Any CPU
		{6437840E-AAAB-4C28-B3FE-7BBFFDDBA0E1}.Debug|Any CPU.Build.0 = Debug|Any CPU
		{6437840E-AAAB-4C28-B3FE-7BBFFDDBA0E1}.Release|Any CPU.ActiveCfg = Release|Any CPU
		{6437840E-AAAB-4C28-B3FE-7BBFFDDBA0E1}.Release|Any CPU.Build.0 = Release|Any CPU
		{7AA78AE1-2748-4E17-8ACE-1FDE4B56F27E}.Debug|Any CPU.ActiveCfg = Debug|Any CPU
		{7AA78AE1-2748-4E17-8ACE-1FDE4B56F27E}.Debug|Any CPU.Build.0 = Debug|Any CPU
		{7AA78AE1-2748-4E17-8ACE-1FDE4B56F27E}.Release|Any CPU.ActiveCfg = Release|Any CPU
		{7AA78AE1-2748-4E17-8ACE-1FDE4B56F27E}.Release|Any CPU.Build.0 = Release|Any CPU
		{C2347627-907C-4BBA-81F1-360136075795}.Debug|Any CPU.ActiveCfg = Debug|Any CPU
		{C2347627-907C-4BBA-81F1-360136075795}.Debug|Any CPU.Build.0 = Debug|Any CPU
		{C2347627-907C-4BBA-81F1-360136075795}.Release|Any CPU.ActiveCfg = Release|Any CPU
		{C2347627-907C-4BBA-81F1-360136075795}.Release|Any CPU.Build.0 = Release|Any CPU
	EndGlobalSection
	GlobalSection(SolutionProperties) = preSolution
		HideSolutionNode = FALSE
	EndGlobalSection
	GlobalSection(ExtensibilityGlobals) = postSolution
		SolutionGuid = {C6E84D31-1ECA-4B8B-8B48-51A8AFF2106C}
	EndGlobalSection
EndGlobal
